// !$*UTF8*$!
{
	archiveVersion = 1;
	classes = {
	};
	objectVersion = 56;
	objects = {

/* Begin PBXBuildFile section */
		E912032C2931492C00D66AD5 /* FeedViewController.swift in Sources */ = {isa = PBXBuildFile; fileRef = E912032B2931492C00D66AD5 /* FeedViewController.swift */; };
		E918683F293B3E7E00AB10ED /* ProfileViewController.swift in Sources */ = {isa = PBXBuildFile; fileRef = E918683E293B3E7E00AB10ED /* ProfileViewController.swift */; };
		E9249C602932967F00595637 /* PostViewController.swift in Sources */ = {isa = PBXBuildFile; fileRef = E9249C5F2932967F00595637 /* PostViewController.swift */; };
		E92AAB7B2933DB9E004C9D94 /* InfoViewController.swift in Sources */ = {isa = PBXBuildFile; fileRef = E92AAB7A2933DB9E004C9D94 /* InfoViewController.swift */; };
		E93CE14C294B14C400A61EF4 /* PostTableViewCell.swift in Sources */ = {isa = PBXBuildFile; fileRef = E93CE14B294B14C400A61EF4 /* PostTableViewCell.swift */; };
		E971F3C32950F1E8001B52BF /* PhotosViewController.swift in Sources */ = {isa = PBXBuildFile; fileRef = E971F3C22950F1E8001B52BF /* PhotosViewController.swift */; };
		E971F3C52950F273001B52BF /* PhotosCollectionViewCell.swift in Sources */ = {isa = PBXBuildFile; fileRef = E971F3C42950F273001B52BF /* PhotosCollectionViewCell.swift */; };
		E971F3C72950F2C4001B52BF /* PhotosTableViewCell.swift in Sources */ = {isa = PBXBuildFile; fileRef = E971F3C62950F2C4001B52BF /* PhotosTableViewCell.swift */; };
		E97BE5FB293144B4007E3099 /* AppDelegate.swift in Sources */ = {isa = PBXBuildFile; fileRef = E97BE5FA293144B4007E3099 /* AppDelegate.swift */; };
		E97BE5FD293144B4007E3099 /* SceneDelegate.swift in Sources */ = {isa = PBXBuildFile; fileRef = E97BE5FC293144B4007E3099 /* SceneDelegate.swift */; };
		E97BE5FF293144B4007E3099 /* ViewController.swift in Sources */ = {isa = PBXBuildFile; fileRef = E97BE5FE293144B4007E3099 /* ViewController.swift */; };
		E97BE604293144B6007E3099 /* Assets.xcassets in Resources */ = {isa = PBXBuildFile; fileRef = E97BE603293144B6007E3099 /* Assets.xcassets */; };
		E97BE607293144B6007E3099 /* LaunchScreen.storyboard in Resources */ = {isa = PBXBuildFile; fileRef = E97BE605293144B6007E3099 /* LaunchScreen.storyboard */; };
		E9CEBADE293A3D6500D5C4FA /* ProfileHeaderView.swift in Sources */ = {isa = PBXBuildFile; fileRef = E9CEBADD293A3D6500D5C4FA /* ProfileHeaderView.swift */; };
		E9D4F5D129425824003CE36F /* LogInViewController.swift in Sources */ = {isa = PBXBuildFile; fileRef = E9D4F5D029425824003CE36F /* LogInViewController.swift */; };
/* End PBXBuildFile section */

/* Begin PBXFileReference section */
		E912032B2931492C00D66AD5 /* FeedViewController.swift */ = {isa = PBXFileReference; lastKnownFileType = sourcecode.swift; path = FeedViewController.swift; sourceTree = "<group>"; };
		E918683E293B3E7E00AB10ED /* ProfileViewController.swift */ = {isa = PBXFileReference; lastKnownFileType = sourcecode.swift; path = ProfileViewController.swift; sourceTree = "<group>"; };
		E9249C5F2932967F00595637 /* PostViewController.swift */ = {isa = PBXFileReference; lastKnownFileType = sourcecode.swift; path = PostViewController.swift; sourceTree = "<group>"; };
		E92AAB7A2933DB9E004C9D94 /* InfoViewController.swift */ = {isa = PBXFileReference; lastKnownFileType = sourcecode.swift; path = InfoViewController.swift; sourceTree = "<group>"; };
		E93CE14B294B14C400A61EF4 /* PostTableViewCell.swift */ = {isa = PBXFileReference; lastKnownFileType = sourcecode.swift; path = PostTableViewCell.swift; sourceTree = "<group>"; };
		E971F3C22950F1E8001B52BF /* PhotosViewController.swift */ = {isa = PBXFileReference; lastKnownFileType = sourcecode.swift; path = PhotosViewController.swift; sourceTree = "<group>"; };
		E971F3C42950F273001B52BF /* PhotosCollectionViewCell.swift */ = {isa = PBXFileReference; lastKnownFileType = sourcecode.swift; path = PhotosCollectionViewCell.swift; sourceTree = "<group>"; };
		E971F3C62950F2C4001B52BF /* PhotosTableViewCell.swift */ = {isa = PBXFileReference; lastKnownFileType = sourcecode.swift; path = PhotosTableViewCell.swift; sourceTree = "<group>"; };
		E97BE5F7293144B4007E3099 /* Navigation.app */ = {isa = PBXFileReference; explicitFileType = wrapper.application; includeInIndex = 0; path = Navigation.app; sourceTree = BUILT_PRODUCTS_DIR; };
		E97BE5FA293144B4007E3099 /* AppDelegate.swift */ = {isa = PBXFileReference; lastKnownFileType = sourcecode.swift; path = AppDelegate.swift; sourceTree = "<group>"; };
		E97BE5FC293144B4007E3099 /* SceneDelegate.swift */ = {isa = PBXFileReference; lastKnownFileType = sourcecode.swift; path = SceneDelegate.swift; sourceTree = "<group>"; };
		E97BE5FE293144B4007E3099 /* ViewController.swift */ = {isa = PBXFileReference; lastKnownFileType = sourcecode.swift; path = ViewController.swift; sourceTree = "<group>"; };
		E97BE603293144B6007E3099 /* Assets.xcassets */ = {isa = PBXFileReference; lastKnownFileType = folder.assetcatalog; path = Assets.xcassets; sourceTree = "<group>"; };
		E97BE606293144B6007E3099 /* Base */ = {isa = PBXFileReference; lastKnownFileType = file.storyboard; name = Base; path = Base.lproj/LaunchScreen.storyboard; sourceTree = "<group>"; };
		E97BE608293144B6007E3099 /* Info.plist */ = {isa = PBXFileReference; lastKnownFileType = text.plist.xml; path = Info.plist; sourceTree = "<group>"; };
		E9CEBADD293A3D6500D5C4FA /* ProfileHeaderView.swift */ = {isa = PBXFileReference; lastKnownFileType = sourcecode.swift; path = ProfileHeaderView.swift; sourceTree = "<group>"; };
		E9D4F5D029425824003CE36F /* LogInViewController.swift */ = {isa = PBXFileReference; lastKnownFileType = sourcecode.swift; path = LogInViewController.swift; sourceTree = "<group>"; };
/* End PBXFileReference section */

/* Begin PBXFrameworksBuildPhase section */
		E97BE5F4293144B4007E3099 /* Frameworks */ = {
			isa = PBXFrameworksBuildPhase;
			buildActionMask = 2147483647;
			files = (
			);
			runOnlyForDeploymentPostprocessing = 0;
		};
/* End PBXFrameworksBuildPhase section */

/* Begin PBXGroup section */
		E97BE5EE293144B4007E3099 = {
			isa = PBXGroup;
			children = (
				E97BE5F9293144B4007E3099 /* Navigation */,
				E97BE5F8293144B4007E3099 /* Products */,
			);
			sourceTree = "<group>";
		};
		E97BE5F8293144B4007E3099 /* Products */ = {
			isa = PBXGroup;
			children = (
				E97BE5F7293144B4007E3099 /* Navigation.app */,
			);
			name = Products;
			sourceTree = "<group>";
		};
		E97BE5F9293144B4007E3099 /* Navigation */ = {
			isa = PBXGroup;
			children = (
				E9CEBADC293A3CE800D5C4FA /* Profille */,
				E97BE5FA293144B4007E3099 /* AppDelegate.swift */,
				E97BE5FC293144B4007E3099 /* SceneDelegate.swift */,
				E97BE5FE293144B4007E3099 /* ViewController.swift */,
				E912032B2931492C00D66AD5 /* FeedViewController.swift */,
				E9249C5F2932967F00595637 /* PostViewController.swift */,
				E92AAB7A2933DB9E004C9D94 /* InfoViewController.swift */,
				E97BE603293144B6007E3099 /* Assets.xcassets */,
				E97BE605293144B6007E3099 /* LaunchScreen.storyboard */,
				E97BE608293144B6007E3099 /* Info.plist */,
			);
			path = Navigation;
			sourceTree = "<group>";
		};
		E9CEBADC293A3CE800D5C4FA /* Profille */ = {
			isa = PBXGroup;
			children = (
				E918683E293B3E7E00AB10ED /* ProfileViewController.swift */,
				E9CEBADD293A3D6500D5C4FA /* ProfileHeaderView.swift */,
				E93CE14B294B14C400A61EF4 /* PostTableViewCell.swift */,
				E971F3C22950F1E8001B52BF /* PhotosViewController.swift */,
				E971F3C42950F273001B52BF /* PhotosCollectionViewCell.swift */,
				E971F3C62950F2C4001B52BF /* PhotosTableViewCell.swift */,
				E9D4F5D029425824003CE36F /* LogInViewController.swift */,
			);
			path = Profille;
			sourceTree = "<group>";
		};
/* End PBXGroup section */

/* Begin PBXNativeTarget section */
		E97BE5F6293144B4007E3099 /* Navigation */ = {
			isa = PBXNativeTarget;
			buildConfigurationList = E97BE60B293144B6007E3099 /* Build configuration list for PBXNativeTarget "Navigation" */;
			buildPhases = (
				E97BE5F3293144B4007E3099 /* Sources */,
				E97BE5F4293144B4007E3099 /* Frameworks */,
				E97BE5F5293144B4007E3099 /* Resources */,
			);
			buildRules = (
			);
			dependencies = (
			);
			name = Navigation;
			productName = Navigation;
			productReference = E97BE5F7293144B4007E3099 /* Navigation.app */;
			productType = "com.apple.product-type.application";
		};
/* End PBXNativeTarget section */

/* Begin PBXProject section */
		E97BE5EF293144B4007E3099 /* Project object */ = {
			isa = PBXProject;
			attributes = {
				BuildIndependentTargetsInParallel = 1;
				LastSwiftUpdateCheck = 1400;
				LastUpgradeCheck = 1400;
				TargetAttributes = {
					E97BE5F6293144B4007E3099 = {
						CreatedOnToolsVersion = 14.0.1;
					};
				};
			};
			buildConfigurationList = E97BE5F2293144B4007E3099 /* Build configuration list for PBXProject "Navigation" */;
			compatibilityVersion = "Xcode 14.0";
			developmentRegion = en;
			hasScannedForEncodings = 0;
			knownRegions = (
				en,
				Base,
			);
			mainGroup = E97BE5EE293144B4007E3099;
			productRefGroup = E97BE5F8293144B4007E3099 /* Products */;
			projectDirPath = "";
			projectRoot = "";
			targets = (
				E97BE5F6293144B4007E3099 /* Navigation */,
			);
		};
/* End PBXProject section */

/* Begin PBXResourcesBuildPhase section */
		E97BE5F5293144B4007E3099 /* Resources */ = {
			isa = PBXResourcesBuildPhase;
			buildActionMask = 2147483647;
			files = (
				E97BE607293144B6007E3099 /* LaunchScreen.storyboard in Resources */,
				E97BE604293144B6007E3099 /* Assets.xcassets in Resources */,
			);
			runOnlyForDeploymentPostprocessing = 0;
		};
/* End PBXResourcesBuildPhase section */

/* Begin PBXSourcesBuildPhase section */
		E97BE5F3293144B4007E3099 /* Sources */ = {
			isa = PBXSourcesBuildPhase;
			buildActionMask = 2147483647;
			files = (
				E9249C602932967F00595637 /* PostViewController.swift in Sources */,
				E971F3C32950F1E8001B52BF /* PhotosViewController.swift in Sources */,
				E97BE5FF293144B4007E3099 /* ViewController.swift in Sources */,
				E9D4F5D129425824003CE36F /* LogInViewController.swift in Sources */,
				E97BE5FB293144B4007E3099 /* AppDelegate.swift in Sources */,
				E971F3C52950F273001B52BF /* PhotosCollectionViewCell.swift in Sources */,
				E92AAB7B2933DB9E004C9D94 /* InfoViewController.swift in Sources */,
				E912032C2931492C00D66AD5 /* FeedViewController.swift in Sources */,
				E97BE5FD293144B4007E3099 /* SceneDelegate.swift in Sources */,
				E971F3C72950F2C4001B52BF /* PhotosTableViewCell.swift in Sources */,
				E93CE14C294B14C400A61EF4 /* PostTableViewCell.swift in Sources */,
				E918683F293B3E7E00AB10ED /* ProfileViewController.swift in Sources */,
				E9CEBADE293A3D6500D5C4FA /* ProfileHeaderView.swift in Sources */,
			);
			runOnlyForDeploymentPostprocessing = 0;
		};
/* End PBXSourcesBuildPhase section */

/* Begin PBXVariantGroup section */
		E97BE605293144B6007E3099 /* LaunchScreen.storyboard */ = {
			isa = PBXVariantGroup;
			children = (
				E97BE606293144B6007E3099 /* Base */,
			);
			name = LaunchScreen.storyboard;
			sourceTree = "<group>";
		};
/* End PBXVariantGroup section */

/* Begin XCBuildConfiguration section */
		E97BE609293144B6007E3099 /* Debug */ = {
			isa = XCBuildConfiguration;
			buildSettings = {
				ALWAYS_SEARCH_USER_PATHS = NO;
				CLANG_ANALYZER_NONNULL = YES;
				CLANG_ANALYZER_NUMBER_OBJECT_CONVERSION = YES_AGGRESSIVE;
				CLANG_CXX_LANGUAGE_STANDARD = "gnu++20";
				CLANG_ENABLE_MODULES = YES;
				CLANG_ENABLE_OBJC_ARC = YES;
				CLANG_ENABLE_OBJC_WEAK = YES;
				CLANG_WARN_BLOCK_CAPTURE_AUTORELEASING = YES;
				CLANG_WARN_BOOL_CONVERSION = YES;
				CLANG_WARN_COMMA = YES;
				CLANG_WARN_CONSTANT_CONVERSION = YES;
				CLANG_WARN_DEPRECATED_OBJC_IMPLEMENTATIONS = YES;
				CLANG_WARN_DIRECT_OBJC_ISA_USAGE = YES_ERROR;
				CLANG_WARN_DOCUMENTATION_COMMENTS = YES;
				CLANG_WARN_EMPTY_BODY = YES;
				CLANG_WARN_ENUM_CONVERSION = YES;
				CLANG_WARN_INFINITE_RECURSION = YES;
				CLANG_WARN_INT_CONVERSION = YES;
				CLANG_WARN_NON_LITERAL_NULL_CONVERSION = YES;
				CLANG_WARN_OBJC_IMPLICIT_RETAIN_SELF = YES;
				CLANG_WARN_OBJC_LITERAL_CONVERSION = YES;
				CLANG_WARN_OBJC_ROOT_CLASS = YES_ERROR;
				CLANG_WARN_QUOTED_INCLUDE_IN_FRAMEWORK_HEADER = YES;
				CLANG_WARN_RANGE_LOOP_ANALYSIS = YES;
				CLANG_WARN_STRICT_PROTOTYPES = YES;
				CLANG_WARN_SUSPICIOUS_MOVE = YES;
				CLANG_WARN_UNGUARDED_AVAILABILITY = YES_AGGRESSIVE;
				CLANG_WARN_UNREACHABLE_CODE = YES;
				CLANG_WARN__DUPLICATE_METHOD_MATCH = YES;
				COPY_PHASE_STRIP = NO;
				DEBUG_INFORMATION_FORMAT = dwarf;
				ENABLE_STRICT_OBJC_MSGSEND = YES;
				ENABLE_TESTABILITY = YES;
				GCC_C_LANGUAGE_STANDARD = gnu11;
				GCC_DYNAMIC_NO_PIC = NO;
				GCC_NO_COMMON_BLOCKS = YES;
				GCC_OPTIMIZATION_LEVEL = 0;
				GCC_PREPROCESSOR_DEFINITIONS = (
					"DEBUG=1",
					"$(inherited)",
				);
				GCC_WARN_64_TO_32_BIT_CONVERSION = YES;
				GCC_WARN_ABOUT_RETURN_TYPE = YES_ERROR;
				GCC_WARN_UNDECLARED_SELECTOR = YES;
				GCC_WARN_UNINITIALIZED_AUTOS = YES_AGGRESSIVE;
				GCC_WARN_UNUSED_FUNCTION = YES;
				GCC_WARN_UNUSED_VARIABLE = YES;
				IPHONEOS_DEPLOYMENT_TARGET = 16.0;
				MTL_ENABLE_DEBUG_INFO = INCLUDE_SOURCE;
				MTL_FAST_MATH = YES;
				ONLY_ACTIVE_ARCH = YES;
				SDKROOT = iphoneos;
				SWIFT_ACTIVE_COMPILATION_CONDITIONS = DEBUG;
				SWIFT_OPTIMIZATION_LEVEL = "-Onone";
			};
			name = Debug;
		};
		E97BE60A293144B6007E3099 /* Release */ = {
			isa = XCBuildConfiguration;
			buildSettings = {
				ALWAYS_SEARCH_USER_PATHS = NO;
				CLANG_ANALYZER_NONNULL = YES;
				CLANG_ANALYZER_NUMBER_OBJECT_CONVERSION = YES_AGGRESSIVE;
				CLANG_CXX_LANGUAGE_STANDARD = "gnu++20";
				CLANG_ENABLE_MODULES = YES;
				CLANG_ENABLE_OBJC_ARC = YES;
				CLANG_ENABLE_OBJC_WEAK = YES;
				CLANG_WARN_BLOCK_CAPTURE_AUTORELEASING = YES;
				CLANG_WARN_BOOL_CONVERSION = YES;
				CLANG_WARN_COMMA = YES;
				CLANG_WARN_CONSTANT_CONVERSION = YES;
				CLANG_WARN_DEPRECATED_OBJC_IMPLEMENTATIONS = YES;
				CLANG_WARN_DIRECT_OBJC_ISA_USAGE = YES_ERROR;
				CLANG_WARN_DOCUMENTATION_COMMENTS = YES;
				CLANG_WARN_EMPTY_BODY = YES;
				CLANG_WARN_ENUM_CONVERSION = YES;
				CLANG_WARN_INFINITE_RECURSION = YES;
				CLANG_WARN_INT_CONVERSION = YES;
				CLANG_WARN_NON_LITERAL_NULL_CONVERSION = YES;
				CLANG_WARN_OBJC_IMPLICIT_RETAIN_SELF = YES;
				CLANG_WARN_OBJC_LITERAL_CONVERSION = YES;
				CLANG_WARN_OBJC_ROOT_CLASS = YES_ERROR;
				CLANG_WARN_QUOTED_INCLUDE_IN_FRAMEWORK_HEADER = YES;
				CLANG_WARN_RANGE_LOOP_ANALYSIS = YES;
				CLANG_WARN_STRICT_PROTOTYPES = YES;
				CLANG_WARN_SUSPICIOUS_MOVE = YES;
				CLANG_WARN_UNGUARDED_AVAILABILITY = YES_AGGRESSIVE;
				CLANG_WARN_UNREACHABLE_CODE = YES;
				CLANG_WARN__DUPLICATE_METHOD_MATCH = YES;
				COPY_PHASE_STRIP = NO;
				DEBUG_INFORMATION_FORMAT = "dwarf-with-dsym";
				ENABLE_NS_ASSERTIONS = NO;
				ENABLE_STRICT_OBJC_MSGSEND = YES;
				GCC_C_LANGUAGE_STANDARD = gnu11;
				GCC_NO_COMMON_BLOCKS = YES;
				GCC_WARN_64_TO_32_BIT_CONVERSION = YES;
				GCC_WARN_ABOUT_RETURN_TYPE = YES_ERROR;
				GCC_WARN_UNDECLARED_SELECTOR = YES;
				GCC_WARN_UNINITIALIZED_AUTOS = YES_AGGRESSIVE;
				GCC_WARN_UNUSED_FUNCTION = YES;
				GCC_WARN_UNUSED_VARIABLE = YES;
				IPHONEOS_DEPLOYMENT_TARGET = 16.0;
				MTL_ENABLE_DEBUG_INFO = NO;
				MTL_FAST_MATH = YES;
				SDKROOT = iphoneos;
				SWIFT_COMPILATION_MODE = wholemodule;
				SWIFT_OPTIMIZATION_LEVEL = "-O";
				VALIDATE_PRODUCT = YES;
			};
			name = Release;
		};
		E97BE60C293144B6007E3099 /* Debug */ = {
			isa = XCBuildConfiguration;
			buildSettings = {
				ASSETCATALOG_COMPILER_APPICON_NAME = AppIcon;
				ASSETCATALOG_COMPILER_GLOBAL_ACCENT_COLOR_NAME = AccentColor;
				CODE_SIGN_STYLE = Automatic;
				CURRENT_PROJECT_VERSION = 1;
				DEVELOPMENT_TEAM = 4VP43HGMC6;
				GENERATE_INFOPLIST_FILE = YES;
				INFOPLIST_FILE = Navigation/Info.plist;
				INFOPLIST_KEY_UIApplicationSupportsIndirectInputEvents = YES;
				INFOPLIST_KEY_UILaunchStoryboardName = LaunchScreen;
				INFOPLIST_KEY_UISupportedInterfaceOrientations_iPad = "UIInterfaceOrientationPortrait UIInterfaceOrientationPortraitUpsideDown UIInterfaceOrientationLandscapeLeft UIInterfaceOrientationLandscapeRight";
				INFOPLIST_KEY_UISupportedInterfaceOrientations_iPhone = "UIInterfaceOrientationPortrait UIInterfaceOrientationLandscapeLeft UIInterfaceOrientationLandscapeRight";
				LD_RUNPATH_SEARCH_PATHS = (
					"$(inherited)",
					"@executable_path/Frameworks",
				);
				MARKETING_VERSION = 1.0;
				PRODUCT_BUNDLE_IDENTIFIER = "ALEX-BATYSHEV.Navigation";
				PRODUCT_NAME = "$(TARGET_NAME)";
				SWIFT_EMIT_LOC_STRINGS = YES;
				SWIFT_VERSION = 5.0;
				TARGETED_DEVICE_FAMILY = "1,2";
			};
			name = Debug;
		};
		E97BE60D293144B6007E3099 /* Release */ = {
			isa = XCBuildConfiguration;
			buildSettings = {
				ASSETCATALOG_COMPILER_APPICON_NAME = AppIcon;
				ASSETCATALOG_COMPILER_GLOBAL_ACCENT_COLOR_NAME = AccentColor;
				CODE_SIGN_STYLE = Automatic;
				CURRENT_PROJECT_VERSION = 1;
				DEVELOPMENT_TEAM = 4VP43HGMC6;
				GENERATE_INFOPLIST_FILE = YES;
				INFOPLIST_FILE = Navigation/Info.plist;
				INFOPLIST_KEY_UIApplicationSupportsIndirectInputEvents = YES;
				INFOPLIST_KEY_UILaunchStoryboardName = LaunchScreen;
				INFOPLIST_KEY_UISupportedInterfaceOrientations_iPad = "UIInterfaceOrientationPortrait UIInterfaceOrientationPortraitUpsideDown UIInterfaceOrientationLandscapeLeft UIInterfaceOrientationLandscapeRight";
				INFOPLIST_KEY_UISupportedInterfaceOrientations_iPhone = "UIInterfaceOrientationPortrait UIInterfaceOrientationLandscapeLeft UIInterfaceOrientationLandscapeRight";
				LD_RUNPATH_SEARCH_PATHS = (
					"$(inherited)",
					"@executable_path/Frameworks",
				);
				MARKETING_VERSION = 1.0;
				PRODUCT_BUNDLE_IDENTIFIER = "ALEX-BATYSHEV.Navigation";
				PRODUCT_NAME = "$(TARGET_NAME)";
				SWIFT_EMIT_LOC_STRINGS = YES;
				SWIFT_VERSION = 5.0;
				TARGETED_DEVICE_FAMILY = "1,2";
			};
			name = Release;
		};
/* End XCBuildConfiguration section */

/* Begin XCConfigurationList section */
		E97BE5F2293144B4007E3099 /* Build configuration list for PBXProject "Navigation" */ = {
			isa = XCConfigurationList;
			buildConfigurations = (
				E97BE609293144B6007E3099 /* Debug */,
				E97BE60A293144B6007E3099 /* Release */,
			);
			defaultConfigurationIsVisible = 0;
			defaultConfigurationName = Release;
		};
		E97BE60B293144B6007E3099 /* Build configuration list for PBXNativeTarget "Navigation" */ = {
			isa = XCConfigurationList;
			buildConfigurations = (
				E97BE60C293144B6007E3099 /* Debug */,
				E97BE60D293144B6007E3099 /* Release */,
			);
			defaultConfigurationIsVisible = 0;
			defaultConfigurationName = Release;
		};
/* End XCConfigurationList section */
	};
	rootObject = E97BE5EF293144B4007E3099 /* Project object */;
}
